
Microsoft Visual Studio Solution File, Format Version 12.00
# Visual Studio Version 16
VisualStudioVersion = 16.0.28729.10
MinimumVisualStudioVersion = 10.0.40219.1
Project("{FAE04EC0-301F-11D3-BF4B-00C04F79EFBC}") = "Sistemawebcf", "Sistemawebcf\Sistemawebcf.csproj", "{30522E36-5740-455B-9BB3-124114799039}"
EndProject
Global
	GlobalSection(SolutionConfigurationPlatforms) = preSolution
		Debug|Any CPU = Debug|Any CPU
		Release|Any CPU = Release|Any CPU
	EndGlobalSection
	GlobalSection(ProjectConfigurationPlatforms) = postSolution
		{30522E36-5740-455B-9BB3-124114799039}.Debug|Any CPU.ActiveCfg = Debug|Any CPU
		{30522E36-5740-455B-9BB3-124114799039}.Debug|Any CPU.Build.0 = Debug|Any CPU
		{30522E36-5740-455B-9BB3-124114799039}.Release|Any CPU.ActiveCfg = Release|Any CPU
		{30522E36-5740-455B-9BB3-124114799039}.Release|Any CPU.Build.0 = Release|Any CPU
	EndGlobalSection
	GlobalSection(SolutionProperties) = preSolution
		HideSolutionNode = FALSE
	EndGlobalSection
	GlobalSection(ExtensibilityGlobals) = postSolution
		SolutionGuid = {513E4BC7-4B9B-42E4-9C52-F16E4FBDB158}
	EndGlobalSection
EndGlobal
